
Microsoft Visual Studio Solution File, Format Version 12.00
# Visual Studio Version 17
VisualStudioVersion = 17.0.31912.275
MinimumVisualStudioVersion = 10.0.40219.1
Project("{8BC9CEB8-8B4A-11D0-8D11-00A0C91BC942}") = "лаба 5 ооп", "лаба 5 ооп\лаба 5 ооп.vcxproj", "{D4F4BC9A-1CED-42D7-B779-083AE2E16C0E}"
EndProject
Global
	GlobalSection(SolutionConfigurationPlatforms) = preSolution
		Debug|x64 = Debug|x64
		Debug|x86 = Debug|x86
		Release|x64 = Release|x64
		Release|x86 = Release|x86
	EndGlobalSection
	GlobalSection(ProjectConfigurationPlatforms) = postSolution
		{D4F4BC9A-1CED-42D7-B779-083AE2E16C0E}.Debug|x64.ActiveCfg = Debug|x64
		{D4F4BC9A-1CED-42D7-B779-083AE2E16C0E}.Debug|x64.Build.0 = Debug|x64
		{D4F4BC9A-1CED-42D7-B779-083AE2E16C0E}.Debug|x86.ActiveCfg = Debug|Win32
		{D4F4BC9A-1CED-42D7-B779-083AE2E16C0E}.Debug|x86.Build.0 = Debug|Win32
		{D4F4BC9A-1CED-42D7-B779-083AE2E16C0E}.Release|x64.ActiveCfg = Release|x64
		{D4F4BC9A-1CED-42D7-B779-083AE2E16C0E}.Release|x64.Build.0 = Release|x64
		{D4F4BC9A-1CED-42D7-B779-083AE2E16C0E}.Release|x86.ActiveCfg = Release|Win32
		{D4F4BC9A-1CED-42D7-B779-083AE2E16C0E}.Release|x86.Build.0 = Release|Win32
	EndGlobalSection
	GlobalSection(SolutionProperties) = preSolution
		HideSolutionNode = FALSE
	EndGlobalSection
	GlobalSection(ExtensibilityGlobals) = postSolution
		SolutionGuid = {0E602E2C-D61C-4C96-AE9C-99B7F5854B28}
	EndGlobalSection
EndGlobal
